
Microsoft Visual Studio Solution File, Format Version 12.00
Project("{FAE04EC0-301F-11D3-BF4B-00C04F79EFBC}") = "WebScrapper", "WebScrapper\WebScrapper.csproj", "{B4D3590D-C68B-49C7-921E-7B4BCAF25E17}"
EndProject
Global
	GlobalSection(SolutionConfigurationPlatforms) = preSolution
		Debug|Any CPU = Debug|Any CPU
		Release|Any CPU = Release|Any CPU
	EndGlobalSection
	GlobalSection(ProjectConfigurationPlatforms) = postSolution
		{B4D3590D-C68B-49C7-921E-7B4BCAF25E17}.Debug|Any CPU.ActiveCfg = Debug|Any CPU
		{B4D3590D-C68B-49C7-921E-7B4BCAF25E17}.Debug|Any CPU.Build.0 = Debug|Any CPU
		{B4D3590D-C68B-49C7-921E-7B4BCAF25E17}.Release|Any CPU.ActiveCfg = Release|Any CPU
		{B4D3590D-C68B-49C7-921E-7B4BCAF25E17}.Release|Any CPU.Build.0 = Release|Any CPU
	EndGlobalSection
EndGlobal
